
Microsoft Visual Studio Solution File, Format Version 12.00
# Visual Studio Version 16
VisualStudioVersion = 16.0.30804.86
MinimumVisualStudioVersion = 10.0.40219.1
Project("{FAE04EC0-301F-11D3-BF4B-00C04F79EFBC}") = "WPFClient", "WPFClient\WPFClient.csproj", "{5DDDB695-D130-4480-BA36-FA574284B380}"
EndProject
Project("{FAE04EC0-301F-11D3-BF4B-00C04F79EFBC}") = "Engine", "Engine\Engine.csproj", "{38D618B3-A0FE-4633-B784-3B2B4484CB28}"
EndProject
Global
	GlobalSection(SolutionConfigurationPlatforms) = preSolution
		Debug|Any CPU = Debug|Any CPU
		Release|Any CPU = Release|Any CPU
	EndGlobalSection
	GlobalSection(ProjectConfigurationPlatforms) = postSolution
		{5DDDB695-D130-4480-BA36-FA574284B380}.Debug|Any CPU.ActiveCfg = Debug|Any CPU
		{5DDDB695-D130-4480-BA36-FA574284B380}.Debug|Any CPU.Build.0 = Debug|Any CPU
		{5DDDB695-D130-4480-BA36-FA574284B380}.Release|Any CPU.ActiveCfg = Release|Any CPU
		{5DDDB695-D130-4480-BA36-FA574284B380}.Release|Any CPU.Build.0 = Release|Any CPU
		{38D618B3-A0FE-4633-B784-3B2B4484CB28}.Debug|Any CPU.ActiveCfg = Debug|Any CPU
		{38D618B3-A0FE-4633-B784-3B2B4484CB28}.Debug|Any CPU.Build.0 = Debug|Any CPU
		{38D618B3-A0FE-4633-B784-3B2B4484CB28}.Release|Any CPU.ActiveCfg = Release|Any CPU
		{38D618B3-A0FE-4633-B784-3B2B4484CB28}.Release|Any CPU.Build.0 = Release|Any CPU
	EndGlobalSection
	GlobalSection(SolutionProperties) = preSolution
		HideSolutionNode = FALSE
	EndGlobalSection
	GlobalSection(ExtensibilityGlobals) = postSolution
		SolutionGuid = {CA6E6C59-0312-4158-A092-BCC4FFBDC1E8}
	EndGlobalSection
EndGlobal
